
Microsoft Visual Studio Solution File, Format Version 12.00
# Visual Studio Version 16
VisualStudioVersion = 16.0.31112.23
MinimumVisualStudioVersion = 10.0.40219.1
Project("{9A19103F-16F7-4668-BE54-9A1E7A4F7556}") = "Template", "Template\Template.csproj", "{4D3DD9EF-18B3-48CB-966A-C5B5685F51EB}"
EndProject
Project("{2150E333-8FDC-42A3-9474-1A3956D46DE8}") = "1-Web", "1-Web", "{6F5ED1B5-D218-458B-897F-A712636EDFCA}"
EndProject
Project("{2150E333-8FDC-42A3-9474-1A3956D46DE8}") = "2-Application", "2-Application", "{A431B9AB-9A16-467E-93E9-FBC6AD74FFBC}"
EndProject
Project("{2150E333-8FDC-42A3-9474-1A3956D46DE8}") = "3-Domain", "3-Domain", "{EA56A795-0382-46E9-9DD5-47DDCF32AD3A}"
EndProject
Project("{2150E333-8FDC-42A3-9474-1A3956D46DE8}") = "4-Infra", "4-Infra", "{6D59B271-890B-4E61-906C-71E97F052BD3}"
EndProject
Project("{9A19103F-16F7-4668-BE54-9A1E7A4F7556}") = "Template.Application", "Template.Application\Template.Application.csproj", "{3EE21A5A-6353-4FA7-BE12-D8FD87CF61C8}"
EndProject
Project("{9A19103F-16F7-4668-BE54-9A1E7A4F7556}") = "Template.Domain", "Template.Domain\Template.Domain.csproj", "{F3CC9338-6426-4C71-9048-678A7F09839A}"
EndProject
Project("{2150E333-8FDC-42A3-9474-1A3956D46DE8}") = "4.1-Data", "4.1-Data", "{37994957-EA46-4237-AAC8-DF61C84E5452}"
EndProject
Project("{2150E333-8FDC-42A3-9474-1A3956D46DE8}") = "4.2-CrossCutting", "4.2-CrossCutting", "{69E4A7FC-29E7-48A8-A879-1650409BFED0}"
EndProject
Project("{9A19103F-16F7-4668-BE54-9A1E7A4F7556}") = "Template.Data", "Template.Data\Template.Data.csproj", "{82C8B282-B4B3-4EC4-B7DF-3A9BFB14BE56}"
EndProject
Project("{FAE04EC0-301F-11D3-BF4B-00C04F79EFBC}") = "Template.IoC", "Template.IoC\Template.IoC.csproj", "{9786D7D2-AE64-4E89-B177-6EF19C5C16C5}"
EndProject
Global
	GlobalSection(SolutionConfigurationPlatforms) = preSolution
		Debug|Any CPU = Debug|Any CPU
		Release|Any CPU = Release|Any CPU
	EndGlobalSection
	GlobalSection(ProjectConfigurationPlatforms) = postSolution
		{4D3DD9EF-18B3-48CB-966A-C5B5685F51EB}.Debug|Any CPU.ActiveCfg = Debug|Any CPU
		{4D3DD9EF-18B3-48CB-966A-C5B5685F51EB}.Debug|Any CPU.Build.0 = Debug|Any CPU
		{4D3DD9EF-18B3-48CB-966A-C5B5685F51EB}.Release|Any CPU.ActiveCfg = Release|Any CPU
		{4D3DD9EF-18B3-48CB-966A-C5B5685F51EB}.Release|Any CPU.Build.0 = Release|Any CPU
		{3EE21A5A-6353-4FA7-BE12-D8FD87CF61C8}.Debug|Any CPU.ActiveCfg = Debug|Any CPU
		{3EE21A5A-6353-4FA7-BE12-D8FD87CF61C8}.Debug|Any CPU.Build.0 = Debug|Any CPU
		{3EE21A5A-6353-4FA7-BE12-D8FD87CF61C8}.Release|Any CPU.ActiveCfg = Release|Any CPU
		{3EE21A5A-6353-4FA7-BE12-D8FD87CF61C8}.Release|Any CPU.Build.0 = Release|Any CPU
		{F3CC9338-6426-4C71-9048-678A7F09839A}.Debug|Any CPU.ActiveCfg = Debug|Any CPU
		{F3CC9338-6426-4C71-9048-678A7F09839A}.Debug|Any CPU.Build.0 = Debug|Any CPU
		{F3CC9338-6426-4C71-9048-678A7F09839A}.Release|Any CPU.ActiveCfg = Release|Any CPU
		{F3CC9338-6426-4C71-9048-678A7F09839A}.Release|Any CPU.Build.0 = Release|Any CPU
		{82C8B282-B4B3-4EC4-B7DF-3A9BFB14BE56}.Debug|Any CPU.ActiveCfg = Debug|Any CPU
		{82C8B282-B4B3-4EC4-B7DF-3A9BFB14BE56}.Debug|Any CPU.Build.0 = Debug|Any CPU
		{82C8B282-B4B3-4EC4-B7DF-3A9BFB14BE56}.Release|Any CPU.ActiveCfg = Release|Any CPU
		{82C8B282-B4B3-4EC4-B7DF-3A9BFB14BE56}.Release|Any CPU.Build.0 = Release|Any CPU
		{9786D7D2-AE64-4E89-B177-6EF19C5C16C5}.Debug|Any CPU.ActiveCfg = Debug|Any CPU
		{9786D7D2-AE64-4E89-B177-6EF19C5C16C5}.Debug|Any CPU.Build.0 = Debug|Any CPU
		{9786D7D2-AE64-4E89-B177-6EF19C5C16C5}.Release|Any CPU.ActiveCfg = Release|Any CPU
		{9786D7D2-AE64-4E89-B177-6EF19C5C16C5}.Release|Any CPU.Build.0 = Release|Any CPU
	EndGlobalSection
	GlobalSection(SolutionProperties) = preSolution
		HideSolutionNode = FALSE
	EndGlobalSection
	GlobalSection(NestedProjects) = preSolution
		{4D3DD9EF-18B3-48CB-966A-C5B5685F51EB} = {6F5ED1B5-D218-458B-897F-A712636EDFCA}
		{3EE21A5A-6353-4FA7-BE12-D8FD87CF61C8} = {A431B9AB-9A16-467E-93E9-FBC6AD74FFBC}
		{F3CC9338-6426-4C71-9048-678A7F09839A} = {EA56A795-0382-46E9-9DD5-47DDCF32AD3A}
		{37994957-EA46-4237-AAC8-DF61C84E5452} = {6D59B271-890B-4E61-906C-71E97F052BD3}
		{69E4A7FC-29E7-48A8-A879-1650409BFED0} = {6D59B271-890B-4E61-906C-71E97F052BD3}
		{82C8B282-B4B3-4EC4-B7DF-3A9BFB14BE56} = {37994957-EA46-4237-AAC8-DF61C84E5452}
		{9786D7D2-AE64-4E89-B177-6EF19C5C16C5} = {69E4A7FC-29E7-48A8-A879-1650409BFED0}
	EndGlobalSection
	GlobalSection(ExtensibilityGlobals) = postSolution
		SolutionGuid = {1DD00B4A-14B5-4351-B3B2-1D9560B2AD71}
	EndGlobalSection
EndGlobal
